
Microsoft Visual Studio Solution File, Format Version 12.00
# Visual Studio Version 16
VisualStudioVersion = 16.0.33423.256
MinimumVisualStudioVersion = 10.0.40219.1
Project("{9A19103F-16F7-4668-BE54-9A1E7A4F7556}") = "Lab1", "Lab1.csproj", "{3507BFBA-293B-4761-B124-CBADD68A0951}"
EndProject
Global
	GlobalSection(SolutionConfigurationPlatforms) = preSolution
		Debug|Any CPU = Debug|Any CPU
		Release|Any CPU = Release|Any CPU
	EndGlobalSection
	GlobalSection(ProjectConfigurationPlatforms) = postSolution
		{3507BFBA-293B-4761-B124-CBADD68A0951}.Debug|Any CPU.ActiveCfg = Debug|Any CPU
		{3507BFBA-293B-4761-B124-CBADD68A0951}.Debug|Any CPU.Build.0 = Debug|Any CPU
		{3507BFBA-293B-4761-B124-CBADD68A0951}.Release|Any CPU.ActiveCfg = Release|Any CPU
		{3507BFBA-293B-4761-B124-CBADD68A0951}.Release|Any CPU.Build.0 = Release|Any CPU
	EndGlobalSection
	GlobalSection(SolutionProperties) = preSolution
		HideSolutionNode = FALSE
	EndGlobalSection
	GlobalSection(ExtensibilityGlobals) = postSolution
		SolutionGuid = {3428CB1D-DBD1-43D7-BE09-1317203B0CF7}
	EndGlobalSection
EndGlobal
